
Microsoft Visual Studio Solution File, Format Version 12.00
# Visual Studio 15
VisualStudioVersion = 15.0.26403.0
MinimumVisualStudioVersion = 10.0.40219.1
Project("{FAE04EC0-301F-11D3-BF4B-00C04F79EFBC}") = "WindowsFormsApp1", "WindowsFormsApp1\WindowsFormsApp1.csproj", "{AFD55AB4-0BF9-4029-AF88-31F3432A4315}"
EndProject
Project("{FAE04EC0-301F-11D3-BF4B-00C04F79EFBC}") = "csharp-bambou", "..\..\..\github\csharp-bambou\csharp-bambou\csharp-bambou.csproj", "{4A9CF828-FCAB-41E6-A42B-8DD87C37C69F}"
EndProject
Project("{FAE04EC0-301F-11D3-BF4B-00C04F79EFBC}") = "vspk", "..\..\..\vspk\vspkgenerator\codegen\csharp\vspk\vspk\vspk.csproj", "{A12DA736-A2CA-47E2-9A20-991330B39F45}"
EndProject
Global
	GlobalSection(SolutionConfigurationPlatforms) = preSolution
		Debug|Any CPU = Debug|Any CPU
		Release|Any CPU = Release|Any CPU
	EndGlobalSection
	GlobalSection(ProjectConfigurationPlatforms) = postSolution
		{AFD55AB4-0BF9-4029-AF88-31F3432A4315}.Debug|Any CPU.ActiveCfg = Debug|Any CPU
		{AFD55AB4-0BF9-4029-AF88-31F3432A4315}.Debug|Any CPU.Build.0 = Debug|Any CPU
		{AFD55AB4-0BF9-4029-AF88-31F3432A4315}.Release|Any CPU.ActiveCfg = Release|Any CPU
		{AFD55AB4-0BF9-4029-AF88-31F3432A4315}.Release|Any CPU.Build.0 = Release|Any CPU
		{4A9CF828-FCAB-41E6-A42B-8DD87C37C69F}.Debug|Any CPU.ActiveCfg = Debug|Any CPU
		{4A9CF828-FCAB-41E6-A42B-8DD87C37C69F}.Debug|Any CPU.Build.0 = Debug|Any CPU
		{4A9CF828-FCAB-41E6-A42B-8DD87C37C69F}.Release|Any CPU.ActiveCfg = Release|Any CPU
		{4A9CF828-FCAB-41E6-A42B-8DD87C37C69F}.Release|Any CPU.Build.0 = Release|Any CPU
		{A12DA736-A2CA-47E2-9A20-991330B39F45}.Debug|Any CPU.ActiveCfg = Debug|Any CPU
		{A12DA736-A2CA-47E2-9A20-991330B39F45}.Debug|Any CPU.Build.0 = Debug|Any CPU
		{A12DA736-A2CA-47E2-9A20-991330B39F45}.Release|Any CPU.ActiveCfg = Release|Any CPU
		{A12DA736-A2CA-47E2-9A20-991330B39F45}.Release|Any CPU.Build.0 = Release|Any CPU
	EndGlobalSection
	GlobalSection(SolutionProperties) = preSolution
		HideSolutionNode = FALSE
	EndGlobalSection
EndGlobal
